# THIS IS AN AUTOGENERATED FILE. DO NOT EDIT THIS FILE DIRECTLY.
# yarn lockfile v1


jquery@^3.1.0:
  version "3.2.1"
  resolved "https://registry.yarnpkg.com/jquery/-/jquery-3.2.1.tgz#5c4d9de652af6cd0a770154a631bba12b015c787"

q@^0.9.7:
  version "0.9.7"
  resolved "https://registry.yarnpkg.com/q/-/q-0.9.7.tgz#4de2e6cb3b29088c9e4cbc03bf9d42fb96ce2f75"

requestify@^0.2.5:
  version "0.2.5"
  resolved "https://registry.yarnpkg.com/requestify/-/requestify-0.2.5.tgz#80249f1ca7dfdf79fa2a6048aeac37d43e23c905"
  dependencies:
    jquery "^3.1.0"
    q "^0.9.7"
    underscore "^1.8.3"

underscore@^1.8.3:
  version "1.8.3"
  resolved "https://registry.yarnpkg.com/underscore/-/underscore-1.8.3.tgz#4f3fb53b106e6097fcf9cb4109f2a5e9bdfa5022"
